
Microsoft Visual Studio Solution File, Format Version 12.00
# Visual Studio 14
VisualStudioVersion = 14.0.24720.0
MinimumVisualStudioVersion = 10.0.40219.1
Project("{FAE04EC0-301F-11D3-BF4B-00C04F79EFBC}") = "cryptopack", "cryptopack\cryptopack.csproj", "{D953B46B-EA74-443A-A293-5FF9068006BF}"
EndProject
Project("{FAE04EC0-301F-11D3-BF4B-00C04F79EFBC}") = "Cryptopack.Test", "Cryptopack.Test\Cryptopack.Test.csproj", "{960DD0A4-D135-492A-802E-442C170D332D}"
EndProject
Global
	GlobalSection(SolutionConfigurationPlatforms) = preSolution
		Debug|Any CPU = Debug|Any CPU
		Release|Any CPU = Release|Any CPU
	EndGlobalSection
	GlobalSection(ProjectConfigurationPlatforms) = postSolution
		{D953B46B-EA74-443A-A293-5FF9068006BF}.Debug|Any CPU.ActiveCfg = Debug|Any CPU
		{D953B46B-EA74-443A-A293-5FF9068006BF}.Debug|Any CPU.Build.0 = Debug|Any CPU
		{D953B46B-EA74-443A-A293-5FF9068006BF}.Release|Any CPU.ActiveCfg = Release|Any CPU
		{D953B46B-EA74-443A-A293-5FF9068006BF}.Release|Any CPU.Build.0 = Release|Any CPU
		{960DD0A4-D135-492A-802E-442C170D332D}.Debug|Any CPU.ActiveCfg = Debug|Any CPU
		{960DD0A4-D135-492A-802E-442C170D332D}.Debug|Any CPU.Build.0 = Debug|Any CPU
		{960DD0A4-D135-492A-802E-442C170D332D}.Release|Any CPU.ActiveCfg = Release|Any CPU
		{960DD0A4-D135-492A-802E-442C170D332D}.Release|Any CPU.Build.0 = Release|Any CPU
	EndGlobalSection
	GlobalSection(SolutionProperties) = preSolution
		HideSolutionNode = FALSE
	EndGlobalSection
EndGlobal
